
Microsoft Visual Studio Solution File, Format Version 12.00
# Visual Studio Version 17
VisualStudioVersion = 17.4.32916.344
MinimumVisualStudioVersion = 10.0.40219.1
Project("{9A19103F-16F7-4668-BE54-9A1E7A4F7556}") = "ForzaAnalytics", "ForzaAnalytics\ForzaAnalytics.csproj", "{371FFD8F-9410-47F0-93F7-3B903D942CDB}"
EndProject
Project("{2150E333-8FDC-42A3-9474-1A3956D46DE8}") = "sql", "sql", "{05A6F155-170B-49C8-A1EE-CE1CE71C4D19}"
	ProjectSection(SolutionItems) = preProject
		sql\dbo.Car.Table.sql = sql\dbo.Car.Table.sql
		sql\dbo.cars_import.Table.sql = sql\dbo.cars_import.Table.sql
		sql\dbo.ClearAll.StoredProcedure.sql = sql\dbo.ClearAll.StoredProcedure.sql
		sql\dbo.ClearSessions.StoredProcedure.sql = sql\dbo.ClearSessions.StoredProcedure.sql
		sql\dbo.DeleteSession.StoredProcedure.sql = sql\dbo.DeleteSession.StoredProcedure.sql
		sql\dbo.DetectSessions.StoredProcedure.sql = sql\dbo.DetectSessions.StoredProcedure.sql
		sql\dbo.EstimateTrackFromSessions.StoredProcedure.sql = sql\dbo.EstimateTrackFromSessions.StoredProcedure.sql
		sql\dbo.GuessTrackFromSession.StoredProcedure.sql = sql\dbo.GuessTrackFromSession.StoredProcedure.sql
		sql\dbo.Lap.Table.sql = sql\dbo.Lap.Table.sql
		sql\dbo.LapInfo.View.sql = sql\dbo.LapInfo.View.sql
		sql\dbo.Packet.Table.sql = sql\dbo.Packet.Table.sql
		sql\dbo.Session.Table.sql = sql\dbo.Session.Table.sql
		sql\dbo.SessionInfo.View.sql = sql\dbo.SessionInfo.View.sql
		sql\dbo.Track.Table.sql = sql\dbo.Track.Table.sql
		sql\ForzaAnalytics.Database.sql = sql\ForzaAnalytics.Database.sql
	EndProjectSection
EndProject
Global
	GlobalSection(SolutionConfigurationPlatforms) = preSolution
		Debug|Any CPU = Debug|Any CPU
		Release|Any CPU = Release|Any CPU
	EndGlobalSection
	GlobalSection(ProjectConfigurationPlatforms) = postSolution
		{371FFD8F-9410-47F0-93F7-3B903D942CDB}.Debug|Any CPU.ActiveCfg = Debug|Any CPU
		{371FFD8F-9410-47F0-93F7-3B903D942CDB}.Debug|Any CPU.Build.0 = Debug|Any CPU
		{371FFD8F-9410-47F0-93F7-3B903D942CDB}.Release|Any CPU.ActiveCfg = Release|Any CPU
		{371FFD8F-9410-47F0-93F7-3B903D942CDB}.Release|Any CPU.Build.0 = Release|Any CPU
	EndGlobalSection
	GlobalSection(SolutionProperties) = preSolution
		HideSolutionNode = FALSE
	EndGlobalSection
	GlobalSection(ExtensibilityGlobals) = postSolution
		SolutionGuid = {99CDDE57-D865-46D8-9738-F7F0A3620AEC}
	EndGlobalSection
EndGlobal
